
Microsoft Visual Studio Solution File, Format Version 12.00
# Visual Studio Version 16
VisualStudioVersion = 16.0.30621.155
MinimumVisualStudioVersion = 10.0.40219.1
Project("{FAE04EC0-301F-11D3-BF4B-00C04F79EFBC}") = "AplicacionTestMatriz", "AplicacionTestMatriz\AplicacionTestMatriz.csproj", "{8EF0E28C-9C3B-401B-8C81-8BD2B5C7396A}"
EndProject
Global
	GlobalSection(SolutionConfigurationPlatforms) = preSolution
		Debug|Any CPU = Debug|Any CPU
		Release|Any CPU = Release|Any CPU
	EndGlobalSection
	GlobalSection(ProjectConfigurationPlatforms) = postSolution
		{8EF0E28C-9C3B-401B-8C81-8BD2B5C7396A}.Debug|Any CPU.ActiveCfg = Debug|Any CPU
		{8EF0E28C-9C3B-401B-8C81-8BD2B5C7396A}.Debug|Any CPU.Build.0 = Debug|Any CPU
		{8EF0E28C-9C3B-401B-8C81-8BD2B5C7396A}.Release|Any CPU.ActiveCfg = Release|Any CPU
		{8EF0E28C-9C3B-401B-8C81-8BD2B5C7396A}.Release|Any CPU.Build.0 = Release|Any CPU
	EndGlobalSection
	GlobalSection(SolutionProperties) = preSolution
		HideSolutionNode = FALSE
	EndGlobalSection
	GlobalSection(ExtensibilityGlobals) = postSolution
		SolutionGuid = {000E1450-4FAF-4DC9-9862-273010975B0A}
	EndGlobalSection
EndGlobal
